{
  "name": "meu-projeto",
  "version": "1.0.0",
  "lockfileVersion": 2,
  "requires": true,
  "packages": {
    "": {
      "name": "meu-projeto",
      "version": "1.0.0",
      "license": "ISC",
      "dependencies": {
        "meu_modulo_unigran": "github:evertonzero/meu_modulo_unigran"
      }
    },
    "node_modules/meu_modulo_unigran": {
      "version": "1.0.0",
      "resolved": "git+ssh://git@github.com/evertonzero/meu_modulo_unigran.git#b91f3cec618a1b38998ce2dc26e2a32e93450a87",
      "license": "ISC"
    }
  },
  "dependencies": {
    "meu_modulo_unigran": {
      "version": "git+ssh://git@github.com/evertonzero/meu_modulo_unigran.git#b91f3cec618a1b38998ce2dc26e2a32e93450a87",
      "from": "meu_modulo_unigran@https://github.com/evertonzero/meu_modulo_unigran"
    }
  }
}
